
Microsoft Visual Studio Solution File, Format Version 12.00
# Visual Studio 15
VisualStudioVersion = 15.0.27004.2005
MinimumVisualStudioVersion = 10.0.40219.1
Project("{9A19103F-16F7-4668-BE54-9A1E7A4F7556}") = "EnvSettings", "src\EnvSettings\EnvSettings.csproj", "{B1D4C899-8D78-4F18-96F9-F357186AF01D}"
EndProject
Project("{FAE04EC0-301F-11D3-BF4B-00C04F79EFBC}") = "EnvSettings.Example.WebApp", "examples\EnvSettings.Example.WebApp\EnvSettings.Example.WebApp.csproj", "{2274F540-630B-41F9-A904-751B2B36E709}"
EndProject
Project("{2150E333-8FDC-42A3-9474-1A3956D46DE8}") = "Examples", "Examples", "{B5B54C6C-3300-4798-9B15-668BF2BB46F9}"
EndProject
Global
	GlobalSection(SolutionConfigurationPlatforms) = preSolution
		Debug|Any CPU = Debug|Any CPU
		Release|Any CPU = Release|Any CPU
	EndGlobalSection
	GlobalSection(ProjectConfigurationPlatforms) = postSolution
		{B1D4C899-8D78-4F18-96F9-F357186AF01D}.Debug|Any CPU.ActiveCfg = Debug|Any CPU
		{B1D4C899-8D78-4F18-96F9-F357186AF01D}.Debug|Any CPU.Build.0 = Debug|Any CPU
		{B1D4C899-8D78-4F18-96F9-F357186AF01D}.Release|Any CPU.ActiveCfg = Release|Any CPU
		{B1D4C899-8D78-4F18-96F9-F357186AF01D}.Release|Any CPU.Build.0 = Release|Any CPU
		{2274F540-630B-41F9-A904-751B2B36E709}.Debug|Any CPU.ActiveCfg = Debug|Any CPU
		{2274F540-630B-41F9-A904-751B2B36E709}.Debug|Any CPU.Build.0 = Debug|Any CPU
		{2274F540-630B-41F9-A904-751B2B36E709}.Release|Any CPU.ActiveCfg = Release|Any CPU
		{2274F540-630B-41F9-A904-751B2B36E709}.Release|Any CPU.Build.0 = Release|Any CPU
	EndGlobalSection
	GlobalSection(SolutionProperties) = preSolution
		HideSolutionNode = FALSE
	EndGlobalSection
	GlobalSection(NestedProjects) = preSolution
		{2274F540-630B-41F9-A904-751B2B36E709} = {B5B54C6C-3300-4798-9B15-668BF2BB46F9}
	EndGlobalSection
	GlobalSection(ExtensibilityGlobals) = postSolution
		SolutionGuid = {DAC9D35B-8632-4168-BF5E-5E47C0EFF778}
	EndGlobalSection
EndGlobal
